
Microsoft Visual Studio Solution File, Format Version 12.00
# Visual Studio 2017
Project("{FAE04EC0-301F-11D3-BF4B-00C04F79EFBC}") = "WebNode", "WebNode.csproj", "{59B4508C-D7DD-47BC-A0BD-6C4C6FA1F1CF}"
EndProject
Global
	GlobalSection(SolutionConfigurationPlatforms) = preSolution
		Debug|Any CPU = Debug|Any CPU
		Release|Any CPU = Release|Any CPU
	EndGlobalSection
	GlobalSection(ProjectConfigurationPlatforms) = postSolution
		{59B4508C-D7DD-47BC-A0BD-6C4C6FA1F1CF}.Debug|Any CPU.ActiveCfg = Debug|Any CPU
		{59B4508C-D7DD-47BC-A0BD-6C4C6FA1F1CF}.Debug|Any CPU.Build.0 = Debug|Any CPU
		{59B4508C-D7DD-47BC-A0BD-6C4C6FA1F1CF}.Release|Any CPU.ActiveCfg = Release|Any CPU
		{59B4508C-D7DD-47BC-A0BD-6C4C6FA1F1CF}.Release|Any CPU.Build.0 = Release|Any CPU
	EndGlobalSection
EndGlobal
